
Microsoft Visual Studio Solution File, Format Version 12.00
# Visual Studio Version 16
VisualStudioVersion = 16.0.29509.3
MinimumVisualStudioVersion = 10.0.40219.1
Project("{FAE04EC0-301F-11D3-BF4B-00C04F79EFBC}") = "AutoBoto", "AutoBoto.csproj", "{76AE3585-626C-4158-B130-D9DEFCD9E1F0}"
EndProject
Global
	GlobalSection(SolutionConfigurationPlatforms) = preSolution
		Debug|Any CPU = Debug|Any CPU
		Release|Any CPU = Release|Any CPU
	EndGlobalSection
	GlobalSection(ProjectConfigurationPlatforms) = postSolution
		{76AE3585-626C-4158-B130-D9DEFCD9E1F0}.Debug|Any CPU.ActiveCfg = Debug|Any CPU
		{76AE3585-626C-4158-B130-D9DEFCD9E1F0}.Debug|Any CPU.Build.0 = Debug|Any CPU
		{76AE3585-626C-4158-B130-D9DEFCD9E1F0}.Release|Any CPU.ActiveCfg = Release|Any CPU
		{76AE3585-626C-4158-B130-D9DEFCD9E1F0}.Release|Any CPU.Build.0 = Release|Any CPU
	EndGlobalSection
	GlobalSection(SolutionProperties) = preSolution
		HideSolutionNode = FALSE
	EndGlobalSection
	GlobalSection(ExtensibilityGlobals) = postSolution
		SolutionGuid = {644A0DD1-E45C-4C13-885B-B0B32FCD721A}
	EndGlobalSection
EndGlobal
